// !$*UTF8*$!
{
	archiveVersion = 1;
	classes = {
	};
	objectVersion = 56;
	objects = {

/* Begin PBXBuildFile section */
		BA19EF3C2A21041E00E8463E /* AppDelegate.swift in Sources */ = {isa = PBXBuildFile; fileRef = BA19EF3B2A21041E00E8463E /* AppDelegate.swift */; };
		BA19EF3E2A21041E00E8463E /* SceneDelegate.swift in Sources */ = {isa = PBXBuildFile; fileRef = BA19EF3D2A21041E00E8463E /* SceneDelegate.swift */; };
		BA19EF402A21041E00E8463E /* ViewController.swift in Sources */ = {isa = PBXBuildFile; fileRef = BA19EF3F2A21041E00E8463E /* ViewController.swift */; };
		BA19EF432A21041E00E8463E /* Main.storyboard in Resources */ = {isa = PBXBuildFile; fileRef = BA19EF412A21041E00E8463E /* Main.storyboard */; };
		BA19EF452A21042100E8463E /* Assets.xcassets in Resources */ = {isa = PBXBuildFile; fileRef = BA19EF442A21042100E8463E /* Assets.xcassets */; };
		BA19EF482A21042100E8463E /* LaunchScreen.storyboard in Resources */ = {isa = PBXBuildFile; fileRef = BA19EF462A21042100E8463E /* LaunchScreen.storyboard */; };
		BA19EF502A2104A400E8463E /* Employee.json in Resources */ = {isa = PBXBuildFile; fileRef = BA19EF4F2A2104A400E8463E /* Employee.json */; };
		BA19EF522A2106E000E8463E /* NetworkHelper.swift in Sources */ = {isa = PBXBuildFile; fileRef = BA19EF512A2106E000E8463E /* NetworkHelper.swift */; };
		BA19EF542A210B3500E8463E /* EmployeeModel.swift in Sources */ = {isa = PBXBuildFile; fileRef = BA19EF532A210B3500E8463E /* EmployeeModel.swift */; };
/* End PBXBuildFile section */

/* Begin PBXFileReference section */
		BA19EF382A21041E00E8463E /* EmployeeProj.app */ = {isa = PBXFileReference; explicitFileType = wrapper.application; includeInIndex = 0; path = EmployeeProj.app; sourceTree = BUILT_PRODUCTS_DIR; };
		BA19EF3B2A21041E00E8463E /* AppDelegate.swift */ = {isa = PBXFileReference; lastKnownFileType = sourcecode.swift; path = AppDelegate.swift; sourceTree = "<group>"; };
		BA19EF3D2A21041E00E8463E /* SceneDelegate.swift */ = {isa = PBXFileReference; lastKnownFileType = sourcecode.swift; path = SceneDelegate.swift; sourceTree = "<group>"; };
		BA19EF3F2A21041E00E8463E /* ViewController.swift */ = {isa = PBXFileReference; lastKnownFileType = sourcecode.swift; path = ViewController.swift; sourceTree = "<group>"; };
		BA19EF422A21041E00E8463E /* Base */ = {isa = PBXFileReference; lastKnownFileType = file.storyboard; name = Base; path = Base.lproj/Main.storyboard; sourceTree = "<group>"; };
		BA19EF442A21042100E8463E /* Assets.xcassets */ = {isa = PBXFileReference; lastKnownFileType = folder.assetcatalog; path = Assets.xcassets; sourceTree = "<group>"; };
		BA19EF472A21042100E8463E /* Base */ = {isa = PBXFileReference; lastKnownFileType = file.storyboard; name = Base; path = Base.lproj/LaunchScreen.storyboard; sourceTree = "<group>"; };
		BA19EF492A21042100E8463E /* Info.plist */ = {isa = PBXFileReference; lastKnownFileType = text.plist.xml; path = Info.plist; sourceTree = "<group>"; };
		BA19EF4F2A2104A400E8463E /* Employee.json */ = {isa = PBXFileReference; fileEncoding = 4; lastKnownFileType = text.json; path = Employee.json; sourceTree = "<group>"; };
		BA19EF512A2106E000E8463E /* NetworkHelper.swift */ = {isa = PBXFileReference; lastKnownFileType = sourcecode.swift; path = NetworkHelper.swift; sourceTree = "<group>"; };
		BA19EF532A210B3500E8463E /* EmployeeModel.swift */ = {isa = PBXFileReference; lastKnownFileType = sourcecode.swift; path = EmployeeModel.swift; sourceTree = "<group>"; };
/* End PBXFileReference section */

/* Begin PBXFrameworksBuildPhase section */
		BA19EF352A21041E00E8463E /* Frameworks */ = {
			isa = PBXFrameworksBuildPhase;
			buildActionMask = 2147483647;
			files = (
			);
			runOnlyForDeploymentPostprocessing = 0;
		};
/* End PBXFrameworksBuildPhase section */

/* Begin PBXGroup section */
		BA19EF2F2A21041E00E8463E = {
			isa = PBXGroup;
			children = (
				BA19EF3A2A21041E00E8463E /* EmployeeProj */,
				BA19EF392A21041E00E8463E /* Products */,
			);
			sourceTree = "<group>";
		};
		BA19EF392A21041E00E8463E /* Products */ = {
			isa = PBXGroup;
			children = (
				BA19EF382A21041E00E8463E /* EmployeeProj.app */,
			);
			name = Products;
			sourceTree = "<group>";
		};
		BA19EF3A2A21041E00E8463E /* EmployeeProj */ = {
			isa = PBXGroup;
			children = (
				BA19EF3B2A21041E00E8463E /* AppDelegate.swift */,
				BA19EF3D2A21041E00E8463E /* SceneDelegate.swift */,
				BA19EF3F2A21041E00E8463E /* ViewController.swift */,
				BA19EF512A2106E000E8463E /* NetworkHelper.swift */,
				BA19EF532A210B3500E8463E /* EmployeeModel.swift */,
				BA19EF4F2A2104A400E8463E /* Employee.json */,
				BA19EF412A21041E00E8463E /* Main.storyboard */,
				BA19EF442A21042100E8463E /* Assets.xcassets */,
				BA19EF462A21042100E8463E /* LaunchScreen.storyboard */,
				BA19EF492A21042100E8463E /* Info.plist */,
			);
			path = EmployeeProj;
			sourceTree = "<group>";
		};
/* End PBXGroup section */

/* Begin PBXNativeTarget section */
		BA19EF372A21041E00E8463E /* EmployeeProj */ = {
			isa = PBXNativeTarget;
			buildConfigurationList = BA19EF4C2A21042100E8463E /* Build configuration list for PBXNativeTarget "EmployeeProj" */;
			buildPhases = (
				BA19EF342A21041E00E8463E /* Sources */,
				BA19EF352A21041E00E8463E /* Frameworks */,
				BA19EF362A21041E00E8463E /* Resources */,
			);
			buildRules = (
			);
			dependencies = (
			);
			name = EmployeeProj;
			productName = EmployeeProj;
			productReference = BA19EF382A21041E00E8463E /* EmployeeProj.app */;
			productType = "com.apple.product-type.application";
		};
/* End PBXNativeTarget section */

/* Begin PBXProject section */
		BA19EF302A21041E00E8463E /* Project object */ = {
			isa = PBXProject;
			attributes = {
				BuildIndependentTargetsInParallel = 1;
				LastSwiftUpdateCheck = 1420;
				LastUpgradeCheck = 1420;
				TargetAttributes = {
					BA19EF372A21041E00E8463E = {
						CreatedOnToolsVersion = 14.2;
					};
				};
			};
			buildConfigurationList = BA19EF332A21041E00E8463E /* Build configuration list for PBXProject "EmployeeProj" */;
			compatibilityVersion = "Xcode 14.0";
			developmentRegion = en;
			hasScannedForEncodings = 0;
			knownRegions = (
				en,
				Base,
			);
			mainGroup = BA19EF2F2A21041E00E8463E;
			productRefGroup = BA19EF392A21041E00E8463E /* Products */;
			projectDirPath = "";
			projectRoot = "";
			targets = (
				BA19EF372A21041E00E8463E /* EmployeeProj */,
			);
		};
/* End PBXProject section */

/* Begin PBXResourcesBuildPhase section */
		BA19EF362A21041E00E8463E /* Resources */ = {
			isa = PBXResourcesBuildPhase;
			buildActionMask = 2147483647;
			files = (
				BA19EF482A21042100E8463E /* LaunchScreen.storyboard in Resources */,
				BA19EF502A2104A400E8463E /* Employee.json in Resources */,
				BA19EF452A21042100E8463E /* Assets.xcassets in Resources */,
				BA19EF432A21041E00E8463E /* Main.storyboard in Resources */,
			);
			runOnlyForDeploymentPostprocessing = 0;
		};
/* End PBXResourcesBuildPhase section */

/* Begin PBXSourcesBuildPhase section */
		BA19EF342A21041E00E8463E /* Sources */ = {
			isa = PBXSourcesBuildPhase;
			buildActionMask = 2147483647;
			files = (
				BA19EF522A2106E000E8463E /* NetworkHelper.swift in Sources */,
				BA19EF402A21041E00E8463E /* ViewController.swift in Sources */,
				BA19EF3C2A21041E00E8463E /* AppDelegate.swift in Sources */,
				BA19EF542A210B3500E8463E /* EmployeeModel.swift in Sources */,
				BA19EF3E2A21041E00E8463E /* SceneDelegate.swift in Sources */,
			);
			runOnlyForDeploymentPostprocessing = 0;
		};
/* End PBXSourcesBuildPhase section */

/* Begin PBXVariantGroup section */
		BA19EF412A21041E00E8463E /* Main.storyboard */ = {
			isa = PBXVariantGroup;
			children = (
				BA19EF422A21041E00E8463E /* Base */,
			);
			name = Main.storyboard;
			sourceTree = "<group>";
		};
		BA19EF462A21042100E8463E /* LaunchScreen.storyboard */ = {
			isa = PBXVariantGroup;
			children = (
				BA19EF472A21042100E8463E /* Base */,
			);
			name = LaunchScreen.storyboard;
			sourceTree = "<group>";
		};
/* End PBXVariantGroup section */

/* Begin XCBuildConfiguration section */
		BA19EF4A2A21042100E8463E /* Debug */ = {
			isa = XCBuildConfiguration;
			buildSettings = {
				ALWAYS_SEARCH_USER_PATHS = NO;
				CLANG_ANALYZER_NONNULL = YES;
				CLANG_ANALYZER_NUMBER_OBJECT_CONVERSION = YES_AGGRESSIVE;
				CLANG_CXX_LANGUAGE_STANDARD = "gnu++20";
				CLANG_ENABLE_MODULES = YES;
				CLANG_ENABLE_OBJC_ARC = YES;
				CLANG_ENABLE_OBJC_WEAK = YES;
				CLANG_WARN_BLOCK_CAPTURE_AUTORELEASING = YES;
				CLANG_WARN_BOOL_CONVERSION = YES;
				CLANG_WARN_COMMA = YES;
				CLANG_WARN_CONSTANT_CONVERSION = YES;
				CLANG_WARN_DEPRECATED_OBJC_IMPLEMENTATIONS = YES;
				CLANG_WARN_DIRECT_OBJC_ISA_USAGE = YES_ERROR;
				CLANG_WARN_DOCUMENTATION_COMMENTS = YES;
				CLANG_WARN_EMPTY_BODY = YES;
				CLANG_WARN_ENUM_CONVERSION = YES;
				CLANG_WARN_INFINITE_RECURSION = YES;
				CLANG_WARN_INT_CONVERSION = YES;
				CLANG_WARN_NON_LITERAL_NULL_CONVERSION = YES;
				CLANG_WARN_OBJC_IMPLICIT_RETAIN_SELF = YES;
				CLANG_WARN_OBJC_LITERAL_CONVERSION = YES;
				CLANG_WARN_OBJC_ROOT_CLASS = YES_ERROR;
				CLANG_WARN_QUOTED_INCLUDE_IN_FRAMEWORK_HEADER = YES;
				CLANG_WARN_RANGE_LOOP_ANALYSIS = YES;
				CLANG_WARN_STRICT_PROTOTYPES = YES;
				CLANG_WARN_SUSPICIOUS_MOVE = YES;
				CLANG_WARN_UNGUARDED_AVAILABILITY = YES_AGGRESSIVE;
				CLANG_WARN_UNREACHABLE_CODE = YES;
				CLANG_WARN__DUPLICATE_METHOD_MATCH = YES;
				COPY_PHASE_STRIP = NO;
				DEBUG_INFORMATION_FORMAT = dwarf;
				ENABLE_STRICT_OBJC_MSGSEND = YES;
				ENABLE_TESTABILITY = YES;
				GCC_C_LANGUAGE_STANDARD = gnu11;
				GCC_DYNAMIC_NO_PIC = NO;
				GCC_NO_COMMON_BLOCKS = YES;
				GCC_OPTIMIZATION_LEVEL = 0;
				GCC_PREPROCESSOR_DEFINITIONS = (
					"DEBUG=1",
					"$(inherited)",
				);
				GCC_WARN_64_TO_32_BIT_CONVERSION = YES;
				GCC_WARN_ABOUT_RETURN_TYPE = YES_ERROR;
				GCC_WARN_UNDECLARED_SELECTOR = YES;
				GCC_WARN_UNINITIALIZED_AUTOS = YES_AGGRESSIVE;
				GCC_WARN_UNUSED_FUNCTION = YES;
				GCC_WARN_UNUSED_VARIABLE = YES;
				IPHONEOS_DEPLOYMENT_TARGET = 16.2;
				MTL_ENABLE_DEBUG_INFO = INCLUDE_SOURCE;
				MTL_FAST_MATH = YES;
				ONLY_ACTIVE_ARCH = YES;
				SDKROOT = iphoneos;
				SWIFT_ACTIVE_COMPILATION_CONDITIONS = DEBUG;
				SWIFT_OPTIMIZATION_LEVEL = "-Onone";
			};
			name = Debug;
		};
		BA19EF4B2A21042100E8463E /* Release */ = {
			isa = XCBuildConfiguration;
			buildSettings = {
				ALWAYS_SEARCH_USER_PATHS = NO;
				CLANG_ANALYZER_NONNULL = YES;
				CLANG_ANALYZER_NUMBER_OBJECT_CONVERSION = YES_AGGRESSIVE;
				CLANG_CXX_LANGUAGE_STANDARD = "gnu++20";
				CLANG_ENABLE_MODULES = YES;
				CLANG_ENABLE_OBJC_ARC = YES;
				CLANG_ENABLE_OBJC_WEAK = YES;
				CLANG_WARN_BLOCK_CAPTURE_AUTORELEASING = YES;
				CLANG_WARN_BOOL_CONVERSION = YES;
				CLANG_WARN_COMMA = YES;
				CLANG_WARN_CONSTANT_CONVERSION = YES;
				CLANG_WARN_DEPRECATED_OBJC_IMPLEMENTATIONS = YES;
				CLANG_WARN_DIRECT_OBJC_ISA_USAGE = YES_ERROR;
				CLANG_WARN_DOCUMENTATION_COMMENTS = YES;
				CLANG_WARN_EMPTY_BODY = YES;
				CLANG_WARN_ENUM_CONVERSION = YES;
				CLANG_WARN_INFINITE_RECURSION = YES;
				CLANG_WARN_INT_CONVERSION = YES;
				CLANG_WARN_NON_LITERAL_NULL_CONVERSION = YES;
				CLANG_WARN_OBJC_IMPLICIT_RETAIN_SELF = YES;
				CLANG_WARN_OBJC_LITERAL_CONVERSION = YES;
				CLANG_WARN_OBJC_ROOT_CLASS = YES_ERROR;
				CLANG_WARN_QUOTED_INCLUDE_IN_FRAMEWORK_HEADER = YES;
				CLANG_WARN_RANGE_LOOP_ANALYSIS = YES;
				CLANG_WARN_STRICT_PROTOTYPES = YES;
				CLANG_WARN_SUSPICIOUS_MOVE = YES;
				CLANG_WARN_UNGUARDED_AVAILABILITY = YES_AGGRESSIVE;
				CLANG_WARN_UNREACHABLE_CODE = YES;
				CLANG_WARN__DUPLICATE_METHOD_MATCH = YES;
				COPY_PHASE_STRIP = NO;
				DEBUG_INFORMATION_FORMAT = "dwarf-with-dsym";
				ENABLE_NS_ASSERTIONS = NO;
				ENABLE_STRICT_OBJC_MSGSEND = YES;
				GCC_C_LANGUAGE_STANDARD = gnu11;
				GCC_NO_COMMON_BLOCKS = YES;
				GCC_WARN_64_TO_32_BIT_CONVERSION = YES;
				GCC_WARN_ABOUT_RETURN_TYPE = YES_ERROR;
				GCC_WARN_UNDECLARED_SELECTOR = YES;
				GCC_WARN_UNINITIALIZED_AUTOS = YES_AGGRESSIVE;
				GCC_WARN_UNUSED_FUNCTION = YES;
				GCC_WARN_UNUSED_VARIABLE = YES;
				IPHONEOS_DEPLOYMENT_TARGET = 16.2;
				MTL_ENABLE_DEBUG_INFO = NO;
				MTL_FAST_MATH = YES;
				SDKROOT = iphoneos;
				SWIFT_COMPILATION_MODE = wholemodule;
				SWIFT_OPTIMIZATION_LEVEL = "-O";
				VALIDATE_PRODUCT = YES;
			};
			name = Release;
		};
		BA19EF4D2A21042100E8463E /* Debug */ = {
			isa = XCBuildConfiguration;
			buildSettings = {
				ASSETCATALOG_COMPILER_APPICON_NAME = AppIcon;
				ASSETCATALOG_COMPILER_GLOBAL_ACCENT_COLOR_NAME = AccentColor;
				CODE_SIGN_STYLE = Automatic;
				CURRENT_PROJECT_VERSION = 1;
				DEVELOPMENT_TEAM = L3A2XMBBV7;
				GENERATE_INFOPLIST_FILE = YES;
				INFOPLIST_FILE = EmployeeProj/Info.plist;
				INFOPLIST_KEY_UIApplicationSupportsIndirectInputEvents = YES;
				INFOPLIST_KEY_UILaunchStoryboardName = LaunchScreen;
				INFOPLIST_KEY_UIMainStoryboardFile = Main;
				INFOPLIST_KEY_UISupportedInterfaceOrientations_iPad = "UIInterfaceOrientationPortrait UIInterfaceOrientationPortraitUpsideDown UIInterfaceOrientationLandscapeLeft UIInterfaceOrientationLandscapeRight";
				INFOPLIST_KEY_UISupportedInterfaceOrientations_iPhone = "UIInterfaceOrientationPortrait UIInterfaceOrientationLandscapeLeft UIInterfaceOrientationLandscapeRight";
				LD_RUNPATH_SEARCH_PATHS = (
					"$(inherited)",
					"@executable_path/Frameworks",
				);
				MARKETING_VERSION = 1.0;
				PRODUCT_BUNDLE_IDENTIFIER = com.abc.EmployeeProj;
				PRODUCT_NAME = "$(TARGET_NAME)";
				SWIFT_EMIT_LOC_STRINGS = YES;
				SWIFT_VERSION = 5.0;
				TARGETED_DEVICE_FAMILY = "1,2";
			};
			name = Debug;
		};
		BA19EF4E2A21042100E8463E /* Release */ = {
			isa = XCBuildConfiguration;
			buildSettings = {
				ASSETCATALOG_COMPILER_APPICON_NAME = AppIcon;
				ASSETCATALOG_COMPILER_GLOBAL_ACCENT_COLOR_NAME = AccentColor;
				CODE_SIGN_STYLE = Automatic;
				CURRENT_PROJECT_VERSION = 1;
				DEVELOPMENT_TEAM = L3A2XMBBV7;
				GENERATE_INFOPLIST_FILE = YES;
				INFOPLIST_FILE = EmployeeProj/Info.plist;
				INFOPLIST_KEY_UIApplicationSupportsIndirectInputEvents = YES;
				INFOPLIST_KEY_UILaunchStoryboardName = LaunchScreen;
				INFOPLIST_KEY_UIMainStoryboardFile = Main;
				INFOPLIST_KEY_UISupportedInterfaceOrientations_iPad = "UIInterfaceOrientationPortrait UIInterfaceOrientationPortraitUpsideDown UIInterfaceOrientationLandscapeLeft UIInterfaceOrientationLandscapeRight";
				INFOPLIST_KEY_UISupportedInterfaceOrientations_iPhone = "UIInterfaceOrientationPortrait UIInterfaceOrientationLandscapeLeft UIInterfaceOrientationLandscapeRight";
				LD_RUNPATH_SEARCH_PATHS = (
					"$(inherited)",
					"@executable_path/Frameworks",
				);
				MARKETING_VERSION = 1.0;
				PRODUCT_BUNDLE_IDENTIFIER = com.abc.EmployeeProj;
				PRODUCT_NAME = "$(TARGET_NAME)";
				SWIFT_EMIT_LOC_STRINGS = YES;
				SWIFT_VERSION = 5.0;
				TARGETED_DEVICE_FAMILY = "1,2";
			};
			name = Release;
		};
/* End XCBuildConfiguration section */

/* Begin XCConfigurationList section */
		BA19EF332A21041E00E8463E /* Build configuration list for PBXProject "EmployeeProj" */ = {
			isa = XCConfigurationList;
			buildConfigurations = (
				BA19EF4A2A21042100E8463E /* Debug */,
				BA19EF4B2A21042100E8463E /* Release */,
			);
			defaultConfigurationIsVisible = 0;
			defaultConfigurationName = Release;
		};
		BA19EF4C2A21042100E8463E /* Build configuration list for PBXNativeTarget "EmployeeProj" */ = {
			isa = XCConfigurationList;
			buildConfigurations = (
				BA19EF4D2A21042100E8463E /* Debug */,
				BA19EF4E2A21042100E8463E /* Release */,
			);
			defaultConfigurationIsVisible = 0;
			defaultConfigurationName = Release;
		};
/* End XCConfigurationList section */
	};
	rootObject = BA19EF302A21041E00E8463E /* Project object */;
}
