// !$*UTF8*$!
{
	archiveVersion = 1;
	classes = {
	};
	objectVersion = 56;
	objects = {

/* Begin PBXBuildFile section */
		BA9D8E7F2A3B63B30067E43C /* AppDelegate.swift in Sources */ = {isa = PBXBuildFile; fileRef = BA9D8E7E2A3B63B30067E43C /* AppDelegate.swift */; };
		BA9D8E812A3B63B30067E43C /* SceneDelegate.swift in Sources */ = {isa = PBXBuildFile; fileRef = BA9D8E802A3B63B30067E43C /* SceneDelegate.swift */; };
		BA9D8E832A3B63B30067E43C /* ViewController.swift in Sources */ = {isa = PBXBuildFile; fileRef = BA9D8E822A3B63B30067E43C /* ViewController.swift */; };
		BA9D8E862A3B63B40067E43C /* Main.storyboard in Resources */ = {isa = PBXBuildFile; fileRef = BA9D8E842A3B63B40067E43C /* Main.storyboard */; };
		BA9D8E882A3B63B70067E43C /* Assets.xcassets in Resources */ = {isa = PBXBuildFile; fileRef = BA9D8E872A3B63B70067E43C /* Assets.xcassets */; };
		BA9D8E8B2A3B63B70067E43C /* LaunchScreen.storyboard in Resources */ = {isa = PBXBuildFile; fileRef = BA9D8E892A3B63B70067E43C /* LaunchScreen.storyboard */; };
		BA9D8E962A3B63B80067E43C /* CollectionViewTests.swift in Sources */ = {isa = PBXBuildFile; fileRef = BA9D8E952A3B63B80067E43C /* CollectionViewTests.swift */; };
		BA9D8EA02A3B63B80067E43C /* CollectionViewUITests.swift in Sources */ = {isa = PBXBuildFile; fileRef = BA9D8E9F2A3B63B80067E43C /* CollectionViewUITests.swift */; };
		BA9D8EA22A3B63B80067E43C /* CollectionViewUITestsLaunchTests.swift in Sources */ = {isa = PBXBuildFile; fileRef = BA9D8EA12A3B63B80067E43C /* CollectionViewUITestsLaunchTests.swift */; };
		BA9D8EAF2A3B67230067E43C /* MyCollectionViewCell.swift in Sources */ = {isa = PBXBuildFile; fileRef = BA9D8EAE2A3B67230067E43C /* MyCollectionViewCell.swift */; };
/* End PBXBuildFile section */

/* Begin PBXContainerItemProxy section */
		BA9D8E922A3B63B80067E43C /* PBXContainerItemProxy */ = {
			isa = PBXContainerItemProxy;
			containerPortal = BA9D8E732A3B63B30067E43C /* Project object */;
			proxyType = 1;
			remoteGlobalIDString = BA9D8E7A2A3B63B30067E43C;
			remoteInfo = CollectionView;
		};
		BA9D8E9C2A3B63B80067E43C /* PBXContainerItemProxy */ = {
			isa = PBXContainerItemProxy;
			containerPortal = BA9D8E732A3B63B30067E43C /* Project object */;
			proxyType = 1;
			remoteGlobalIDString = BA9D8E7A2A3B63B30067E43C;
			remoteInfo = CollectionView;
		};
/* End PBXContainerItemProxy section */

/* Begin PBXFileReference section */
		BA9D8E7B2A3B63B30067E43C /* CollectionView.app */ = {isa = PBXFileReference; explicitFileType = wrapper.application; includeInIndex = 0; path = CollectionView.app; sourceTree = BUILT_PRODUCTS_DIR; };
		BA9D8E7E2A3B63B30067E43C /* AppDelegate.swift */ = {isa = PBXFileReference; lastKnownFileType = sourcecode.swift; path = AppDelegate.swift; sourceTree = "<group>"; };
		BA9D8E802A3B63B30067E43C /* SceneDelegate.swift */ = {isa = PBXFileReference; lastKnownFileType = sourcecode.swift; path = SceneDelegate.swift; sourceTree = "<group>"; };
		BA9D8E822A3B63B30067E43C /* ViewController.swift */ = {isa = PBXFileReference; lastKnownFileType = sourcecode.swift; path = ViewController.swift; sourceTree = "<group>"; };
		BA9D8E852A3B63B40067E43C /* Base */ = {isa = PBXFileReference; lastKnownFileType = file.storyboard; name = Base; path = Base.lproj/Main.storyboard; sourceTree = "<group>"; };
		BA9D8E872A3B63B70067E43C /* Assets.xcassets */ = {isa = PBXFileReference; lastKnownFileType = folder.assetcatalog; path = Assets.xcassets; sourceTree = "<group>"; };
		BA9D8E8A2A3B63B70067E43C /* Base */ = {isa = PBXFileReference; lastKnownFileType = file.storyboard; name = Base; path = Base.lproj/LaunchScreen.storyboard; sourceTree = "<group>"; };
		BA9D8E8C2A3B63B70067E43C /* Info.plist */ = {isa = PBXFileReference; lastKnownFileType = text.plist.xml; path = Info.plist; sourceTree = "<group>"; };
		BA9D8E912A3B63B80067E43C /* CollectionViewTests.xctest */ = {isa = PBXFileReference; explicitFileType = wrapper.cfbundle; includeInIndex = 0; path = CollectionViewTests.xctest; sourceTree = BUILT_PRODUCTS_DIR; };
		BA9D8E952A3B63B80067E43C /* CollectionViewTests.swift */ = {isa = PBXFileReference; lastKnownFileType = sourcecode.swift; path = CollectionViewTests.swift; sourceTree = "<group>"; };
		BA9D8E9B2A3B63B80067E43C /* CollectionViewUITests.xctest */ = {isa = PBXFileReference; explicitFileType = wrapper.cfbundle; includeInIndex = 0; path = CollectionViewUITests.xctest; sourceTree = BUILT_PRODUCTS_DIR; };
		BA9D8E9F2A3B63B80067E43C /* CollectionViewUITests.swift */ = {isa = PBXFileReference; lastKnownFileType = sourcecode.swift; path = CollectionViewUITests.swift; sourceTree = "<group>"; };
		BA9D8EA12A3B63B80067E43C /* CollectionViewUITestsLaunchTests.swift */ = {isa = PBXFileReference; lastKnownFileType = sourcecode.swift; path = CollectionViewUITestsLaunchTests.swift; sourceTree = "<group>"; };
		BA9D8EAE2A3B67230067E43C /* MyCollectionViewCell.swift */ = {isa = PBXFileReference; lastKnownFileType = sourcecode.swift; path = MyCollectionViewCell.swift; sourceTree = "<group>"; };
/* End PBXFileReference section */

/* Begin PBXFrameworksBuildPhase section */
		BA9D8E782A3B63B30067E43C /* Frameworks */ = {
			isa = PBXFrameworksBuildPhase;
			buildActionMask = 2147483647;
			files = (
			);
			runOnlyForDeploymentPostprocessing = 0;
		};
		BA9D8E8E2A3B63B80067E43C /* Frameworks */ = {
			isa = PBXFrameworksBuildPhase;
			buildActionMask = 2147483647;
			files = (
			);
			runOnlyForDeploymentPostprocessing = 0;
		};
		BA9D8E982A3B63B80067E43C /* Frameworks */ = {
			isa = PBXFrameworksBuildPhase;
			buildActionMask = 2147483647;
			files = (
			);
			runOnlyForDeploymentPostprocessing = 0;
		};
/* End PBXFrameworksBuildPhase section */

/* Begin PBXGroup section */
		BA9D8E722A3B63B30067E43C = {
			isa = PBXGroup;
			children = (
				BA9D8E7D2A3B63B30067E43C /* CollectionView */,
				BA9D8E942A3B63B80067E43C /* CollectionViewTests */,
				BA9D8E9E2A3B63B80067E43C /* CollectionViewUITests */,
				BA9D8E7C2A3B63B30067E43C /* Products */,
			);
			sourceTree = "<group>";
		};
		BA9D8E7C2A3B63B30067E43C /* Products */ = {
			isa = PBXGroup;
			children = (
				BA9D8E7B2A3B63B30067E43C /* CollectionView.app */,
				BA9D8E912A3B63B80067E43C /* CollectionViewTests.xctest */,
				BA9D8E9B2A3B63B80067E43C /* CollectionViewUITests.xctest */,
			);
			name = Products;
			sourceTree = "<group>";
		};
		BA9D8E7D2A3B63B30067E43C /* CollectionView */ = {
			isa = PBXGroup;
			children = (
				BA9D8E7E2A3B63B30067E43C /* AppDelegate.swift */,
				BA9D8E802A3B63B30067E43C /* SceneDelegate.swift */,
				BA9D8E822A3B63B30067E43C /* ViewController.swift */,
				BA9D8EAE2A3B67230067E43C /* MyCollectionViewCell.swift */,
				BA9D8E842A3B63B40067E43C /* Main.storyboard */,
				BA9D8E872A3B63B70067E43C /* Assets.xcassets */,
				BA9D8E892A3B63B70067E43C /* LaunchScreen.storyboard */,
				BA9D8E8C2A3B63B70067E43C /* Info.plist */,
			);
			path = CollectionView;
			sourceTree = "<group>";
		};
		BA9D8E942A3B63B80067E43C /* CollectionViewTests */ = {
			isa = PBXGroup;
			children = (
				BA9D8E952A3B63B80067E43C /* CollectionViewTests.swift */,
			);
			path = CollectionViewTests;
			sourceTree = "<group>";
		};
		BA9D8E9E2A3B63B80067E43C /* CollectionViewUITests */ = {
			isa = PBXGroup;
			children = (
				BA9D8E9F2A3B63B80067E43C /* CollectionViewUITests.swift */,
				BA9D8EA12A3B63B80067E43C /* CollectionViewUITestsLaunchTests.swift */,
			);
			path = CollectionViewUITests;
			sourceTree = "<group>";
		};
/* End PBXGroup section */

/* Begin PBXNativeTarget section */
		BA9D8E7A2A3B63B30067E43C /* CollectionView */ = {
			isa = PBXNativeTarget;
			buildConfigurationList = BA9D8EA52A3B63B80067E43C /* Build configuration list for PBXNativeTarget "CollectionView" */;
			buildPhases = (
				BA9D8E772A3B63B30067E43C /* Sources */,
				BA9D8E782A3B63B30067E43C /* Frameworks */,
				BA9D8E792A3B63B30067E43C /* Resources */,
			);
			buildRules = (
			);
			dependencies = (
			);
			name = CollectionView;
			productName = CollectionView;
			productReference = BA9D8E7B2A3B63B30067E43C /* CollectionView.app */;
			productType = "com.apple.product-type.application";
		};
		BA9D8E902A3B63B80067E43C /* CollectionViewTests */ = {
			isa = PBXNativeTarget;
			buildConfigurationList = BA9D8EA82A3B63B80067E43C /* Build configuration list for PBXNativeTarget "CollectionViewTests" */;
			buildPhases = (
				BA9D8E8D2A3B63B80067E43C /* Sources */,
				BA9D8E8E2A3B63B80067E43C /* Frameworks */,
				BA9D8E8F2A3B63B80067E43C /* Resources */,
			);
			buildRules = (
			);
			dependencies = (
				BA9D8E932A3B63B80067E43C /* PBXTargetDependency */,
			);
			name = CollectionViewTests;
			productName = CollectionViewTests;
			productReference = BA9D8E912A3B63B80067E43C /* CollectionViewTests.xctest */;
			productType = "com.apple.product-type.bundle.unit-test";
		};
		BA9D8E9A2A3B63B80067E43C /* CollectionViewUITests */ = {
			isa = PBXNativeTarget;
			buildConfigurationList = BA9D8EAB2A3B63B80067E43C /* Build configuration list for PBXNativeTarget "CollectionViewUITests" */;
			buildPhases = (
				BA9D8E972A3B63B80067E43C /* Sources */,
				BA9D8E982A3B63B80067E43C /* Frameworks */,
				BA9D8E992A3B63B80067E43C /* Resources */,
			);
			buildRules = (
			);
			dependencies = (
				BA9D8E9D2A3B63B80067E43C /* PBXTargetDependency */,
			);
			name = CollectionViewUITests;
			productName = CollectionViewUITests;
			productReference = BA9D8E9B2A3B63B80067E43C /* CollectionViewUITests.xctest */;
			productType = "com.apple.product-type.bundle.ui-testing";
		};
/* End PBXNativeTarget section */

/* Begin PBXProject section */
		BA9D8E732A3B63B30067E43C /* Project object */ = {
			isa = PBXProject;
			attributes = {
				BuildIndependentTargetsInParallel = 1;
				LastSwiftUpdateCheck = 1430;
				LastUpgradeCheck = 1430;
				TargetAttributes = {
					BA9D8E7A2A3B63B30067E43C = {
						CreatedOnToolsVersion = 14.3.1;
					};
					BA9D8E902A3B63B80067E43C = {
						CreatedOnToolsVersion = 14.3.1;
						TestTargetID = BA9D8E7A2A3B63B30067E43C;
					};
					BA9D8E9A2A3B63B80067E43C = {
						CreatedOnToolsVersion = 14.3.1;
						TestTargetID = BA9D8E7A2A3B63B30067E43C;
					};
				};
			};
			buildConfigurationList = BA9D8E762A3B63B30067E43C /* Build configuration list for PBXProject "CollectionView" */;
			compatibilityVersion = "Xcode 14.0";
			developmentRegion = en;
			hasScannedForEncodings = 0;
			knownRegions = (
				en,
				Base,
			);
			mainGroup = BA9D8E722A3B63B30067E43C;
			productRefGroup = BA9D8E7C2A3B63B30067E43C /* Products */;
			projectDirPath = "";
			projectRoot = "";
			targets = (
				BA9D8E7A2A3B63B30067E43C /* CollectionView */,
				BA9D8E902A3B63B80067E43C /* CollectionViewTests */,
				BA9D8E9A2A3B63B80067E43C /* CollectionViewUITests */,
			);
		};
/* End PBXProject section */

/* Begin PBXResourcesBuildPhase section */
		BA9D8E792A3B63B30067E43C /* Resources */ = {
			isa = PBXResourcesBuildPhase;
			buildActionMask = 2147483647;
			files = (
				BA9D8E8B2A3B63B70067E43C /* LaunchScreen.storyboard in Resources */,
				BA9D8E882A3B63B70067E43C /* Assets.xcassets in Resources */,
				BA9D8E862A3B63B40067E43C /* Main.storyboard in Resources */,
			);
			runOnlyForDeploymentPostprocessing = 0;
		};
		BA9D8E8F2A3B63B80067E43C /* Resources */ = {
			isa = PBXResourcesBuildPhase;
			buildActionMask = 2147483647;
			files = (
			);
			runOnlyForDeploymentPostprocessing = 0;
		};
		BA9D8E992A3B63B80067E43C /* Resources */ = {
			isa = PBXResourcesBuildPhase;
			buildActionMask = 2147483647;
			files = (
			);
			runOnlyForDeploymentPostprocessing = 0;
		};
/* End PBXResourcesBuildPhase section */

/* Begin PBXSourcesBuildPhase section */
		BA9D8E772A3B63B30067E43C /* Sources */ = {
			isa = PBXSourcesBuildPhase;
			buildActionMask = 2147483647;
			files = (
				BA9D8E832A3B63B30067E43C /* ViewController.swift in Sources */,
				BA9D8E7F2A3B63B30067E43C /* AppDelegate.swift in Sources */,
				BA9D8EAF2A3B67230067E43C /* MyCollectionViewCell.swift in Sources */,
				BA9D8E812A3B63B30067E43C /* SceneDelegate.swift in Sources */,
			);
			runOnlyForDeploymentPostprocessing = 0;
		};
		BA9D8E8D2A3B63B80067E43C /* Sources */ = {
			isa = PBXSourcesBuildPhase;
			buildActionMask = 2147483647;
			files = (
				BA9D8E962A3B63B80067E43C /* CollectionViewTests.swift in Sources */,
			);
			runOnlyForDeploymentPostprocessing = 0;
		};
		BA9D8E972A3B63B80067E43C /* Sources */ = {
			isa = PBXSourcesBuildPhase;
			buildActionMask = 2147483647;
			files = (
				BA9D8EA02A3B63B80067E43C /* CollectionViewUITests.swift in Sources */,
				BA9D8EA22A3B63B80067E43C /* CollectionViewUITestsLaunchTests.swift in Sources */,
			);
			runOnlyForDeploymentPostprocessing = 0;
		};
/* End PBXSourcesBuildPhase section */

/* Begin PBXTargetDependency section */
		BA9D8E932A3B63B80067E43C /* PBXTargetDependency */ = {
			isa = PBXTargetDependency;
			target = BA9D8E7A2A3B63B30067E43C /* CollectionView */;
			targetProxy = BA9D8E922A3B63B80067E43C /* PBXContainerItemProxy */;
		};
		BA9D8E9D2A3B63B80067E43C /* PBXTargetDependency */ = {
			isa = PBXTargetDependency;
			target = BA9D8E7A2A3B63B30067E43C /* CollectionView */;
			targetProxy = BA9D8E9C2A3B63B80067E43C /* PBXContainerItemProxy */;
		};
/* End PBXTargetDependency section */

/* Begin PBXVariantGroup section */
		BA9D8E842A3B63B40067E43C /* Main.storyboard */ = {
			isa = PBXVariantGroup;
			children = (
				BA9D8E852A3B63B40067E43C /* Base */,
			);
			name = Main.storyboard;
			sourceTree = "<group>";
		};
		BA9D8E892A3B63B70067E43C /* LaunchScreen.storyboard */ = {
			isa = PBXVariantGroup;
			children = (
				BA9D8E8A2A3B63B70067E43C /* Base */,
			);
			name = LaunchScreen.storyboard;
			sourceTree = "<group>";
		};
/* End PBXVariantGroup section */

/* Begin XCBuildConfiguration section */
		BA9D8EA32A3B63B80067E43C /* Debug */ = {
			isa = XCBuildConfiguration;
			buildSettings = {
				ALWAYS_SEARCH_USER_PATHS = NO;
				CLANG_ANALYZER_NONNULL = YES;
				CLANG_ANALYZER_NUMBER_OBJECT_CONVERSION = YES_AGGRESSIVE;
				CLANG_CXX_LANGUAGE_STANDARD = "gnu++20";
				CLANG_ENABLE_MODULES = YES;
				CLANG_ENABLE_OBJC_ARC = YES;
				CLANG_ENABLE_OBJC_WEAK = YES;
				CLANG_WARN_BLOCK_CAPTURE_AUTORELEASING = YES;
				CLANG_WARN_BOOL_CONVERSION = YES;
				CLANG_WARN_COMMA = YES;
				CLANG_WARN_CONSTANT_CONVERSION = YES;
				CLANG_WARN_DEPRECATED_OBJC_IMPLEMENTATIONS = YES;
				CLANG_WARN_DIRECT_OBJC_ISA_USAGE = YES_ERROR;
				CLANG_WARN_DOCUMENTATION_COMMENTS = YES;
				CLANG_WARN_EMPTY_BODY = YES;
				CLANG_WARN_ENUM_CONVERSION = YES;
				CLANG_WARN_INFINITE_RECURSION = YES;
				CLANG_WARN_INT_CONVERSION = YES;
				CLANG_WARN_NON_LITERAL_NULL_CONVERSION = YES;
				CLANG_WARN_OBJC_IMPLICIT_RETAIN_SELF = YES;
				CLANG_WARN_OBJC_LITERAL_CONVERSION = YES;
				CLANG_WARN_OBJC_ROOT_CLASS = YES_ERROR;
				CLANG_WARN_QUOTED_INCLUDE_IN_FRAMEWORK_HEADER = YES;
				CLANG_WARN_RANGE_LOOP_ANALYSIS = YES;
				CLANG_WARN_STRICT_PROTOTYPES = YES;
				CLANG_WARN_SUSPICIOUS_MOVE = YES;
				CLANG_WARN_UNGUARDED_AVAILABILITY = YES_AGGRESSIVE;
				CLANG_WARN_UNREACHABLE_CODE = YES;
				CLANG_WARN__DUPLICATE_METHOD_MATCH = YES;
				COPY_PHASE_STRIP = NO;
				DEBUG_INFORMATION_FORMAT = dwarf;
				ENABLE_STRICT_OBJC_MSGSEND = YES;
				ENABLE_TESTABILITY = YES;
				GCC_C_LANGUAGE_STANDARD = gnu11;
				GCC_DYNAMIC_NO_PIC = NO;
				GCC_NO_COMMON_BLOCKS = YES;
				GCC_OPTIMIZATION_LEVEL = 0;
				GCC_PREPROCESSOR_DEFINITIONS = (
					"DEBUG=1",
					"$(inherited)",
				);
				GCC_WARN_64_TO_32_BIT_CONVERSION = YES;
				GCC_WARN_ABOUT_RETURN_TYPE = YES_ERROR;
				GCC_WARN_UNDECLARED_SELECTOR = YES;
				GCC_WARN_UNINITIALIZED_AUTOS = YES_AGGRESSIVE;
				GCC_WARN_UNUSED_FUNCTION = YES;
				GCC_WARN_UNUSED_VARIABLE = YES;
				IPHONEOS_DEPLOYMENT_TARGET = 16.4;
				MTL_ENABLE_DEBUG_INFO = INCLUDE_SOURCE;
				MTL_FAST_MATH = YES;
				ONLY_ACTIVE_ARCH = YES;
				SDKROOT = iphoneos;
				SWIFT_ACTIVE_COMPILATION_CONDITIONS = DEBUG;
				SWIFT_OPTIMIZATION_LEVEL = "-Onone";
			};
			name = Debug;
		};
		BA9D8EA42A3B63B80067E43C /* Release */ = {
			isa = XCBuildConfiguration;
			buildSettings = {
				ALWAYS_SEARCH_USER_PATHS = NO;
				CLANG_ANALYZER_NONNULL = YES;
				CLANG_ANALYZER_NUMBER_OBJECT_CONVERSION = YES_AGGRESSIVE;
				CLANG_CXX_LANGUAGE_STANDARD = "gnu++20";
				CLANG_ENABLE_MODULES = YES;
				CLANG_ENABLE_OBJC_ARC = YES;
				CLANG_ENABLE_OBJC_WEAK = YES;
				CLANG_WARN_BLOCK_CAPTURE_AUTORELEASING = YES;
				CLANG_WARN_BOOL_CONVERSION = YES;
				CLANG_WARN_COMMA = YES;
				CLANG_WARN_CONSTANT_CONVERSION = YES;
				CLANG_WARN_DEPRECATED_OBJC_IMPLEMENTATIONS = YES;
				CLANG_WARN_DIRECT_OBJC_ISA_USAGE = YES_ERROR;
				CLANG_WARN_DOCUMENTATION_COMMENTS = YES;
				CLANG_WARN_EMPTY_BODY = YES;
				CLANG_WARN_ENUM_CONVERSION = YES;
				CLANG_WARN_INFINITE_RECURSION = YES;
				CLANG_WARN_INT_CONVERSION = YES;
				CLANG_WARN_NON_LITERAL_NULL_CONVERSION = YES;
				CLANG_WARN_OBJC_IMPLICIT_RETAIN_SELF = YES;
				CLANG_WARN_OBJC_LITERAL_CONVERSION = YES;
				CLANG_WARN_OBJC_ROOT_CLASS = YES_ERROR;
				CLANG_WARN_QUOTED_INCLUDE_IN_FRAMEWORK_HEADER = YES;
				CLANG_WARN_RANGE_LOOP_ANALYSIS = YES;
				CLANG_WARN_STRICT_PROTOTYPES = YES;
				CLANG_WARN_SUSPICIOUS_MOVE = YES;
				CLANG_WARN_UNGUARDED_AVAILABILITY = YES_AGGRESSIVE;
				CLANG_WARN_UNREACHABLE_CODE = YES;
				CLANG_WARN__DUPLICATE_METHOD_MATCH = YES;
				COPY_PHASE_STRIP = NO;
				DEBUG_INFORMATION_FORMAT = "dwarf-with-dsym";
				ENABLE_NS_ASSERTIONS = NO;
				ENABLE_STRICT_OBJC_MSGSEND = YES;
				GCC_C_LANGUAGE_STANDARD = gnu11;
				GCC_NO_COMMON_BLOCKS = YES;
				GCC_WARN_64_TO_32_BIT_CONVERSION = YES;
				GCC_WARN_ABOUT_RETURN_TYPE = YES_ERROR;
				GCC_WARN_UNDECLARED_SELECTOR = YES;
				GCC_WARN_UNINITIALIZED_AUTOS = YES_AGGRESSIVE;
				GCC_WARN_UNUSED_FUNCTION = YES;
				GCC_WARN_UNUSED_VARIABLE = YES;
				IPHONEOS_DEPLOYMENT_TARGET = 16.4;
				MTL_ENABLE_DEBUG_INFO = NO;
				MTL_FAST_MATH = YES;
				SDKROOT = iphoneos;
				SWIFT_COMPILATION_MODE = wholemodule;
				SWIFT_OPTIMIZATION_LEVEL = "-O";
				VALIDATE_PRODUCT = YES;
			};
			name = Release;
		};
		BA9D8EA62A3B63B80067E43C /* Debug */ = {
			isa = XCBuildConfiguration;
			buildSettings = {
				ASSETCATALOG_COMPILER_APPICON_NAME = AppIcon;
				ASSETCATALOG_COMPILER_GLOBAL_ACCENT_COLOR_NAME = AccentColor;
				CODE_SIGN_STYLE = Automatic;
				CURRENT_PROJECT_VERSION = 1;
				DEVELOPMENT_TEAM = L3A2XMBBV7;
				GENERATE_INFOPLIST_FILE = YES;
				INFOPLIST_FILE = CollectionView/Info.plist;
				INFOPLIST_KEY_UIApplicationSupportsIndirectInputEvents = YES;
				INFOPLIST_KEY_UILaunchStoryboardName = LaunchScreen;
				INFOPLIST_KEY_UIMainStoryboardFile = Main;
				INFOPLIST_KEY_UISupportedInterfaceOrientations_iPad = "UIInterfaceOrientationPortrait UIInterfaceOrientationPortraitUpsideDown UIInterfaceOrientationLandscapeLeft UIInterfaceOrientationLandscapeRight";
				INFOPLIST_KEY_UISupportedInterfaceOrientations_iPhone = "UIInterfaceOrientationPortrait UIInterfaceOrientationLandscapeLeft UIInterfaceOrientationLandscapeRight";
				LD_RUNPATH_SEARCH_PATHS = (
					"$(inherited)",
					"@executable_path/Frameworks",
				);
				MARKETING_VERSION = 1.0;
				PRODUCT_BUNDLE_IDENTIFIER = com.abc.CollectionView;
				PRODUCT_NAME = "$(TARGET_NAME)";
				SWIFT_EMIT_LOC_STRINGS = YES;
				SWIFT_VERSION = 5.0;
				TARGETED_DEVICE_FAMILY = "1,2";
			};
			name = Debug;
		};
		BA9D8EA72A3B63B80067E43C /* Release */ = {
			isa = XCBuildConfiguration;
			buildSettings = {
				ASSETCATALOG_COMPILER_APPICON_NAME = AppIcon;
				ASSETCATALOG_COMPILER_GLOBAL_ACCENT_COLOR_NAME = AccentColor;
				CODE_SIGN_STYLE = Automatic;
				CURRENT_PROJECT_VERSION = 1;
				DEVELOPMENT_TEAM = L3A2XMBBV7;
				GENERATE_INFOPLIST_FILE = YES;
				INFOPLIST_FILE = CollectionView/Info.plist;
				INFOPLIST_KEY_UIApplicationSupportsIndirectInputEvents = YES;
				INFOPLIST_KEY_UILaunchStoryboardName = LaunchScreen;
				INFOPLIST_KEY_UIMainStoryboardFile = Main;
				INFOPLIST_KEY_UISupportedInterfaceOrientations_iPad = "UIInterfaceOrientationPortrait UIInterfaceOrientationPortraitUpsideDown UIInterfaceOrientationLandscapeLeft UIInterfaceOrientationLandscapeRight";
				INFOPLIST_KEY_UISupportedInterfaceOrientations_iPhone = "UIInterfaceOrientationPortrait UIInterfaceOrientationLandscapeLeft UIInterfaceOrientationLandscapeRight";
				LD_RUNPATH_SEARCH_PATHS = (
					"$(inherited)",
					"@executable_path/Frameworks",
				);
				MARKETING_VERSION = 1.0;
				PRODUCT_BUNDLE_IDENTIFIER = com.abc.CollectionView;
				PRODUCT_NAME = "$(TARGET_NAME)";
				SWIFT_EMIT_LOC_STRINGS = YES;
				SWIFT_VERSION = 5.0;
				TARGETED_DEVICE_FAMILY = "1,2";
			};
			name = Release;
		};
		BA9D8EA92A3B63B80067E43C /* Debug */ = {
			isa = XCBuildConfiguration;
			buildSettings = {
				ALWAYS_EMBED_SWIFT_STANDARD_LIBRARIES = YES;
				BUNDLE_LOADER = "$(TEST_HOST)";
				CODE_SIGN_STYLE = Automatic;
				CURRENT_PROJECT_VERSION = 1;
				DEVELOPMENT_TEAM = L3A2XMBBV7;
				GENERATE_INFOPLIST_FILE = YES;
				IPHONEOS_DEPLOYMENT_TARGET = 16.4;
				MARKETING_VERSION = 1.0;
				PRODUCT_BUNDLE_IDENTIFIER = com.abc.CollectionViewTests;
				PRODUCT_NAME = "$(TARGET_NAME)";
				SWIFT_EMIT_LOC_STRINGS = NO;
				SWIFT_VERSION = 5.0;
				TARGETED_DEVICE_FAMILY = "1,2";
				TEST_HOST = "$(BUILT_PRODUCTS_DIR)/CollectionView.app/$(BUNDLE_EXECUTABLE_FOLDER_PATH)/CollectionView";
			};
			name = Debug;
		};
		BA9D8EAA2A3B63B80067E43C /* Release */ = {
			isa = XCBuildConfiguration;
			buildSettings = {
				ALWAYS_EMBED_SWIFT_STANDARD_LIBRARIES = YES;
				BUNDLE_LOADER = "$(TEST_HOST)";
				CODE_SIGN_STYLE = Automatic;
				CURRENT_PROJECT_VERSION = 1;
				DEVELOPMENT_TEAM = L3A2XMBBV7;
				GENERATE_INFOPLIST_FILE = YES;
				IPHONEOS_DEPLOYMENT_TARGET = 16.4;
				MARKETING_VERSION = 1.0;
				PRODUCT_BUNDLE_IDENTIFIER = com.abc.CollectionViewTests;
				PRODUCT_NAME = "$(TARGET_NAME)";
				SWIFT_EMIT_LOC_STRINGS = NO;
				SWIFT_VERSION = 5.0;
				TARGETED_DEVICE_FAMILY = "1,2";
				TEST_HOST = "$(BUILT_PRODUCTS_DIR)/CollectionView.app/$(BUNDLE_EXECUTABLE_FOLDER_PATH)/CollectionView";
			};
			name = Release;
		};
		BA9D8EAC2A3B63B80067E43C /* Debug */ = {
			isa = XCBuildConfiguration;
			buildSettings = {
				ALWAYS_EMBED_SWIFT_STANDARD_LIBRARIES = YES;
				CODE_SIGN_STYLE = Automatic;
				CURRENT_PROJECT_VERSION = 1;
				DEVELOPMENT_TEAM = L3A2XMBBV7;
				GENERATE_INFOPLIST_FILE = YES;
				MARKETING_VERSION = 1.0;
				PRODUCT_BUNDLE_IDENTIFIER = com.abc.CollectionViewUITests;
				PRODUCT_NAME = "$(TARGET_NAME)";
				SWIFT_EMIT_LOC_STRINGS = NO;
				SWIFT_VERSION = 5.0;
				TARGETED_DEVICE_FAMILY = "1,2";
				TEST_TARGET_NAME = CollectionView;
			};
			name = Debug;
		};
		BA9D8EAD2A3B63B80067E43C /* Release */ = {
			isa = XCBuildConfiguration;
			buildSettings = {
				ALWAYS_EMBED_SWIFT_STANDARD_LIBRARIES = YES;
				CODE_SIGN_STYLE = Automatic;
				CURRENT_PROJECT_VERSION = 1;
				DEVELOPMENT_TEAM = L3A2XMBBV7;
				GENERATE_INFOPLIST_FILE = YES;
				MARKETING_VERSION = 1.0;
				PRODUCT_BUNDLE_IDENTIFIER = com.abc.CollectionViewUITests;
				PRODUCT_NAME = "$(TARGET_NAME)";
				SWIFT_EMIT_LOC_STRINGS = NO;
				SWIFT_VERSION = 5.0;
				TARGETED_DEVICE_FAMILY = "1,2";
				TEST_TARGET_NAME = CollectionView;
			};
			name = Release;
		};
/* End XCBuildConfiguration section */

/* Begin XCConfigurationList section */
		BA9D8E762A3B63B30067E43C /* Build configuration list for PBXProject "CollectionView" */ = {
			isa = XCConfigurationList;
			buildConfigurations = (
				BA9D8EA32A3B63B80067E43C /* Debug */,
				BA9D8EA42A3B63B80067E43C /* Release */,
			);
			defaultConfigurationIsVisible = 0;
			defaultConfigurationName = Release;
		};
		BA9D8EA52A3B63B80067E43C /* Build configuration list for PBXNativeTarget "CollectionView" */ = {
			isa = XCConfigurationList;
			buildConfigurations = (
				BA9D8EA62A3B63B80067E43C /* Debug */,
				BA9D8EA72A3B63B80067E43C /* Release */,
			);
			defaultConfigurationIsVisible = 0;
			defaultConfigurationName = Release;
		};
		BA9D8EA82A3B63B80067E43C /* Build configuration list for PBXNativeTarget "CollectionViewTests" */ = {
			isa = XCConfigurationList;
			buildConfigurations = (
				BA9D8EA92A3B63B80067E43C /* Debug */,
				BA9D8EAA2A3B63B80067E43C /* Release */,
			);
			defaultConfigurationIsVisible = 0;
			defaultConfigurationName = Release;
		};
		BA9D8EAB2A3B63B80067E43C /* Build configuration list for PBXNativeTarget "CollectionViewUITests" */ = {
			isa = XCConfigurationList;
			buildConfigurations = (
				BA9D8EAC2A3B63B80067E43C /* Debug */,
				BA9D8EAD2A3B63B80067E43C /* Release */,
			);
			defaultConfigurationIsVisible = 0;
			defaultConfigurationName = Release;
		};
/* End XCConfigurationList section */
	};
	rootObject = BA9D8E732A3B63B30067E43C /* Project object */;
}
