// !$*UTF8*$!
{
	archiveVersion = 1;
	classes = {
	};
	objectVersion = 56;
	objects = {

/* Begin PBXBuildFile section */
		180E38E02A6EC5C600344543 /* NewModel.swift in Sources */ = {isa = PBXBuildFile; fileRef = 180E38DF2A6EC5C600344543 /* NewModel.swift */; };
		18C561FA2A795C6B00DDA6F4 /* Mycell.swift in Sources */ = {isa = PBXBuildFile; fileRef = 18C561F92A795C6B00DDA6F4 /* Mycell.swift */; };
		18E403D02A683A7C00225CB2 /* AppDelegate.swift in Sources */ = {isa = PBXBuildFile; fileRef = 18E403CF2A683A7C00225CB2 /* AppDelegate.swift */; };
		18E403D22A683A7C00225CB2 /* SceneDelegate.swift in Sources */ = {isa = PBXBuildFile; fileRef = 18E403D12A683A7C00225CB2 /* SceneDelegate.swift */; };
		18E403D42A683A7C00225CB2 /* ViewController.swift in Sources */ = {isa = PBXBuildFile; fileRef = 18E403D32A683A7C00225CB2 /* ViewController.swift */; };
		18E403D72A683A7C00225CB2 /* Main.storyboard in Resources */ = {isa = PBXBuildFile; fileRef = 18E403D52A683A7C00225CB2 /* Main.storyboard */; };
		18E403DA2A683A7C00225CB2 /* jul19_movieAPI.xcdatamodeld in Sources */ = {isa = PBXBuildFile; fileRef = 18E403D82A683A7C00225CB2 /* jul19_movieAPI.xcdatamodeld */; };
		18E403DC2A683A8400225CB2 /* Assets.xcassets in Resources */ = {isa = PBXBuildFile; fileRef = 18E403DB2A683A8400225CB2 /* Assets.xcassets */; };
		18E403DF2A683A8400225CB2 /* LaunchScreen.storyboard in Resources */ = {isa = PBXBuildFile; fileRef = 18E403DD2A683A8400225CB2 /* LaunchScreen.storyboard */; };
		18E403E72A683AB800225CB2 /* NetworkHelper.swift in Sources */ = {isa = PBXBuildFile; fileRef = 18E403E62A683AB800225CB2 /* NetworkHelper.swift */; };
		18E6AE352A7AB22B00BEF28A /* DetailsSecondScreenViewController.swift in Sources */ = {isa = PBXBuildFile; fileRef = 18E6AE342A7AB22B00BEF28A /* DetailsSecondScreenViewController.swift */; };
/* End PBXBuildFile section */

/* Begin PBXFileReference section */
		180E38DF2A6EC5C600344543 /* NewModel.swift */ = {isa = PBXFileReference; lastKnownFileType = sourcecode.swift; path = NewModel.swift; sourceTree = "<group>"; };
		18C561F92A795C6B00DDA6F4 /* Mycell.swift */ = {isa = PBXFileReference; lastKnownFileType = sourcecode.swift; path = Mycell.swift; sourceTree = "<group>"; };
		18E403CC2A683A7C00225CB2 /* jul19-movieAPI.app */ = {isa = PBXFileReference; explicitFileType = wrapper.application; includeInIndex = 0; path = "jul19-movieAPI.app"; sourceTree = BUILT_PRODUCTS_DIR; };
		18E403CF2A683A7C00225CB2 /* AppDelegate.swift */ = {isa = PBXFileReference; lastKnownFileType = sourcecode.swift; path = AppDelegate.swift; sourceTree = "<group>"; };
		18E403D12A683A7C00225CB2 /* SceneDelegate.swift */ = {isa = PBXFileReference; lastKnownFileType = sourcecode.swift; path = SceneDelegate.swift; sourceTree = "<group>"; };
		18E403D32A683A7C00225CB2 /* ViewController.swift */ = {isa = PBXFileReference; lastKnownFileType = sourcecode.swift; path = ViewController.swift; sourceTree = "<group>"; };
		18E403D62A683A7C00225CB2 /* Base */ = {isa = PBXFileReference; lastKnownFileType = file.storyboard; name = Base; path = Base.lproj/Main.storyboard; sourceTree = "<group>"; };
		18E403D92A683A7C00225CB2 /* jul19_movieAPI.xcdatamodel */ = {isa = PBXFileReference; lastKnownFileType = wrapper.xcdatamodel; path = jul19_movieAPI.xcdatamodel; sourceTree = "<group>"; };
		18E403DB2A683A8400225CB2 /* Assets.xcassets */ = {isa = PBXFileReference; lastKnownFileType = folder.assetcatalog; path = Assets.xcassets; sourceTree = "<group>"; };
		18E403DE2A683A8400225CB2 /* Base */ = {isa = PBXFileReference; lastKnownFileType = file.storyboard; name = Base; path = Base.lproj/LaunchScreen.storyboard; sourceTree = "<group>"; };
		18E403E02A683A8400225CB2 /* Info.plist */ = {isa = PBXFileReference; lastKnownFileType = text.plist.xml; path = Info.plist; sourceTree = "<group>"; };
		18E403E62A683AB800225CB2 /* NetworkHelper.swift */ = {isa = PBXFileReference; lastKnownFileType = sourcecode.swift; path = NetworkHelper.swift; sourceTree = "<group>"; };
		18E6AE342A7AB22B00BEF28A /* DetailsSecondScreenViewController.swift */ = {isa = PBXFileReference; lastKnownFileType = sourcecode.swift; path = DetailsSecondScreenViewController.swift; sourceTree = "<group>"; };
/* End PBXFileReference section */

/* Begin PBXFrameworksBuildPhase section */
		18E403C92A683A7C00225CB2 /* Frameworks */ = {
			isa = PBXFrameworksBuildPhase;
			buildActionMask = 2147483647;
			files = (
			);
			runOnlyForDeploymentPostprocessing = 0;
		};
/* End PBXFrameworksBuildPhase section */

/* Begin PBXGroup section */
		18E403C32A683A7C00225CB2 = {
			isa = PBXGroup;
			children = (
				18E403CE2A683A7C00225CB2 /* jul19-movieAPI */,
				18E403CD2A683A7C00225CB2 /* Products */,
			);
			sourceTree = "<group>";
		};
		18E403CD2A683A7C00225CB2 /* Products */ = {
			isa = PBXGroup;
			children = (
				18E403CC2A683A7C00225CB2 /* jul19-movieAPI.app */,
			);
			name = Products;
			sourceTree = "<group>";
		};
		18E403CE2A683A7C00225CB2 /* jul19-movieAPI */ = {
			isa = PBXGroup;
			children = (
				18E403CF2A683A7C00225CB2 /* AppDelegate.swift */,
				180E38DF2A6EC5C600344543 /* NewModel.swift */,
				18E403D12A683A7C00225CB2 /* SceneDelegate.swift */,
				18E403D32A683A7C00225CB2 /* ViewController.swift */,
				18E403D52A683A7C00225CB2 /* Main.storyboard */,
				18E403DB2A683A8400225CB2 /* Assets.xcassets */,
				18E403DD2A683A8400225CB2 /* LaunchScreen.storyboard */,
				18E403E02A683A8400225CB2 /* Info.plist */,
				18E403D82A683A7C00225CB2 /* jul19_movieAPI.xcdatamodeld */,
				18E403E62A683AB800225CB2 /* NetworkHelper.swift */,
				18C561F92A795C6B00DDA6F4 /* Mycell.swift */,
				18E6AE342A7AB22B00BEF28A /* DetailsSecondScreenViewController.swift */,
			);
			path = "jul19-movieAPI";
			sourceTree = "<group>";
		};
/* End PBXGroup section */

/* Begin PBXNativeTarget section */
		18E403CB2A683A7C00225CB2 /* jul19-movieAPI */ = {
			isa = PBXNativeTarget;
			buildConfigurationList = 18E403E32A683A8400225CB2 /* Build configuration list for PBXNativeTarget "jul19-movieAPI" */;
			buildPhases = (
				18E403C82A683A7C00225CB2 /* Sources */,
				18E403C92A683A7C00225CB2 /* Frameworks */,
				18E403CA2A683A7C00225CB2 /* Resources */,
			);
			buildRules = (
			);
			dependencies = (
			);
			name = "jul19-movieAPI";
			productName = "jul19-movieAPI";
			productReference = 18E403CC2A683A7C00225CB2 /* jul19-movieAPI.app */;
			productType = "com.apple.product-type.application";
		};
/* End PBXNativeTarget section */

/* Begin PBXProject section */
		18E403C42A683A7C00225CB2 /* Project object */ = {
			isa = PBXProject;
			attributes = {
				BuildIndependentTargetsInParallel = 1;
				LastSwiftUpdateCheck = 1420;
				LastUpgradeCheck = 1420;
				TargetAttributes = {
					18E403CB2A683A7C00225CB2 = {
						CreatedOnToolsVersion = 14.2;
					};
				};
			};
			buildConfigurationList = 18E403C72A683A7C00225CB2 /* Build configuration list for PBXProject "jul19-movieAPI" */;
			compatibilityVersion = "Xcode 14.0";
			developmentRegion = en;
			hasScannedForEncodings = 0;
			knownRegions = (
				en,
				Base,
			);
			mainGroup = 18E403C32A683A7C00225CB2;
			productRefGroup = 18E403CD2A683A7C00225CB2 /* Products */;
			projectDirPath = "";
			projectRoot = "";
			targets = (
				18E403CB2A683A7C00225CB2 /* jul19-movieAPI */,
			);
		};
/* End PBXProject section */

/* Begin PBXResourcesBuildPhase section */
		18E403CA2A683A7C00225CB2 /* Resources */ = {
			isa = PBXResourcesBuildPhase;
			buildActionMask = 2147483647;
			files = (
				18E403DF2A683A8400225CB2 /* LaunchScreen.storyboard in Resources */,
				18E403DC2A683A8400225CB2 /* Assets.xcassets in Resources */,
				18E403D72A683A7C00225CB2 /* Main.storyboard in Resources */,
			);
			runOnlyForDeploymentPostprocessing = 0;
		};
/* End PBXResourcesBuildPhase section */

/* Begin PBXSourcesBuildPhase section */
		18E403C82A683A7C00225CB2 /* Sources */ = {
			isa = PBXSourcesBuildPhase;
			buildActionMask = 2147483647;
			files = (
				18E403D42A683A7C00225CB2 /* ViewController.swift in Sources */,
				18E403DA2A683A7C00225CB2 /* jul19_movieAPI.xcdatamodeld in Sources */,
				18E403E72A683AB800225CB2 /* NetworkHelper.swift in Sources */,
				18E6AE352A7AB22B00BEF28A /* DetailsSecondScreenViewController.swift in Sources */,
				18C561FA2A795C6B00DDA6F4 /* Mycell.swift in Sources */,
				18E403D02A683A7C00225CB2 /* AppDelegate.swift in Sources */,
				180E38E02A6EC5C600344543 /* NewModel.swift in Sources */,
				18E403D22A683A7C00225CB2 /* SceneDelegate.swift in Sources */,
			);
			runOnlyForDeploymentPostprocessing = 0;
		};
/* End PBXSourcesBuildPhase section */

/* Begin PBXVariantGroup section */
		18E403D52A683A7C00225CB2 /* Main.storyboard */ = {
			isa = PBXVariantGroup;
			children = (
				18E403D62A683A7C00225CB2 /* Base */,
			);
			name = Main.storyboard;
			sourceTree = "<group>";
		};
		18E403DD2A683A8400225CB2 /* LaunchScreen.storyboard */ = {
			isa = PBXVariantGroup;
			children = (
				18E403DE2A683A8400225CB2 /* Base */,
			);
			name = LaunchScreen.storyboard;
			sourceTree = "<group>";
		};
/* End PBXVariantGroup section */

/* Begin XCBuildConfiguration section */
		18E403E12A683A8400225CB2 /* Debug */ = {
			isa = XCBuildConfiguration;
			buildSettings = {
				ALWAYS_SEARCH_USER_PATHS = NO;
				CLANG_ANALYZER_NONNULL = YES;
				CLANG_ANALYZER_NUMBER_OBJECT_CONVERSION = YES_AGGRESSIVE;
				CLANG_CXX_LANGUAGE_STANDARD = "gnu++20";
				CLANG_ENABLE_MODULES = YES;
				CLANG_ENABLE_OBJC_ARC = YES;
				CLANG_ENABLE_OBJC_WEAK = YES;
				CLANG_WARN_BLOCK_CAPTURE_AUTORELEASING = YES;
				CLANG_WARN_BOOL_CONVERSION = YES;
				CLANG_WARN_COMMA = YES;
				CLANG_WARN_CONSTANT_CONVERSION = YES;
				CLANG_WARN_DEPRECATED_OBJC_IMPLEMENTATIONS = YES;
				CLANG_WARN_DIRECT_OBJC_ISA_USAGE = YES_ERROR;
				CLANG_WARN_DOCUMENTATION_COMMENTS = YES;
				CLANG_WARN_EMPTY_BODY = YES;
				CLANG_WARN_ENUM_CONVERSION = YES;
				CLANG_WARN_INFINITE_RECURSION = YES;
				CLANG_WARN_INT_CONVERSION = YES;
				CLANG_WARN_NON_LITERAL_NULL_CONVERSION = YES;
				CLANG_WARN_OBJC_IMPLICIT_RETAIN_SELF = YES;
				CLANG_WARN_OBJC_LITERAL_CONVERSION = YES;
				CLANG_WARN_OBJC_ROOT_CLASS = YES_ERROR;
				CLANG_WARN_QUOTED_INCLUDE_IN_FRAMEWORK_HEADER = YES;
				CLANG_WARN_RANGE_LOOP_ANALYSIS = YES;
				CLANG_WARN_STRICT_PROTOTYPES = YES;
				CLANG_WARN_SUSPICIOUS_MOVE = YES;
				CLANG_WARN_UNGUARDED_AVAILABILITY = YES_AGGRESSIVE;
				CLANG_WARN_UNREACHABLE_CODE = YES;
				CLANG_WARN__DUPLICATE_METHOD_MATCH = YES;
				COPY_PHASE_STRIP = NO;
				DEBUG_INFORMATION_FORMAT = dwarf;
				ENABLE_STRICT_OBJC_MSGSEND = YES;
				ENABLE_TESTABILITY = YES;
				GCC_C_LANGUAGE_STANDARD = gnu11;
				GCC_DYNAMIC_NO_PIC = NO;
				GCC_NO_COMMON_BLOCKS = YES;
				GCC_OPTIMIZATION_LEVEL = 0;
				GCC_PREPROCESSOR_DEFINITIONS = (
					"DEBUG=1",
					"$(inherited)",
				);
				GCC_WARN_64_TO_32_BIT_CONVERSION = YES;
				GCC_WARN_ABOUT_RETURN_TYPE = YES_ERROR;
				GCC_WARN_UNDECLARED_SELECTOR = YES;
				GCC_WARN_UNINITIALIZED_AUTOS = YES_AGGRESSIVE;
				GCC_WARN_UNUSED_FUNCTION = YES;
				GCC_WARN_UNUSED_VARIABLE = YES;
				IPHONEOS_DEPLOYMENT_TARGET = 16.2;
				MTL_ENABLE_DEBUG_INFO = INCLUDE_SOURCE;
				MTL_FAST_MATH = YES;
				ONLY_ACTIVE_ARCH = YES;
				SDKROOT = iphoneos;
				SWIFT_ACTIVE_COMPILATION_CONDITIONS = DEBUG;
				SWIFT_OPTIMIZATION_LEVEL = "-Onone";
			};
			name = Debug;
		};
		18E403E22A683A8400225CB2 /* Release */ = {
			isa = XCBuildConfiguration;
			buildSettings = {
				ALWAYS_SEARCH_USER_PATHS = NO;
				CLANG_ANALYZER_NONNULL = YES;
				CLANG_ANALYZER_NUMBER_OBJECT_CONVERSION = YES_AGGRESSIVE;
				CLANG_CXX_LANGUAGE_STANDARD = "gnu++20";
				CLANG_ENABLE_MODULES = YES;
				CLANG_ENABLE_OBJC_ARC = YES;
				CLANG_ENABLE_OBJC_WEAK = YES;
				CLANG_WARN_BLOCK_CAPTURE_AUTORELEASING = YES;
				CLANG_WARN_BOOL_CONVERSION = YES;
				CLANG_WARN_COMMA = YES;
				CLANG_WARN_CONSTANT_CONVERSION = YES;
				CLANG_WARN_DEPRECATED_OBJC_IMPLEMENTATIONS = YES;
				CLANG_WARN_DIRECT_OBJC_ISA_USAGE = YES_ERROR;
				CLANG_WARN_DOCUMENTATION_COMMENTS = YES;
				CLANG_WARN_EMPTY_BODY = YES;
				CLANG_WARN_ENUM_CONVERSION = YES;
				CLANG_WARN_INFINITE_RECURSION = YES;
				CLANG_WARN_INT_CONVERSION = YES;
				CLANG_WARN_NON_LITERAL_NULL_CONVERSION = YES;
				CLANG_WARN_OBJC_IMPLICIT_RETAIN_SELF = YES;
				CLANG_WARN_OBJC_LITERAL_CONVERSION = YES;
				CLANG_WARN_OBJC_ROOT_CLASS = YES_ERROR;
				CLANG_WARN_QUOTED_INCLUDE_IN_FRAMEWORK_HEADER = YES;
				CLANG_WARN_RANGE_LOOP_ANALYSIS = YES;
				CLANG_WARN_STRICT_PROTOTYPES = YES;
				CLANG_WARN_SUSPICIOUS_MOVE = YES;
				CLANG_WARN_UNGUARDED_AVAILABILITY = YES_AGGRESSIVE;
				CLANG_WARN_UNREACHABLE_CODE = YES;
				CLANG_WARN__DUPLICATE_METHOD_MATCH = YES;
				COPY_PHASE_STRIP = NO;
				DEBUG_INFORMATION_FORMAT = "dwarf-with-dsym";
				ENABLE_NS_ASSERTIONS = NO;
				ENABLE_STRICT_OBJC_MSGSEND = YES;
				GCC_C_LANGUAGE_STANDARD = gnu11;
				GCC_NO_COMMON_BLOCKS = YES;
				GCC_WARN_64_TO_32_BIT_CONVERSION = YES;
				GCC_WARN_ABOUT_RETURN_TYPE = YES_ERROR;
				GCC_WARN_UNDECLARED_SELECTOR = YES;
				GCC_WARN_UNINITIALIZED_AUTOS = YES_AGGRESSIVE;
				GCC_WARN_UNUSED_FUNCTION = YES;
				GCC_WARN_UNUSED_VARIABLE = YES;
				IPHONEOS_DEPLOYMENT_TARGET = 16.2;
				MTL_ENABLE_DEBUG_INFO = NO;
				MTL_FAST_MATH = YES;
				SDKROOT = iphoneos;
				SWIFT_COMPILATION_MODE = wholemodule;
				SWIFT_OPTIMIZATION_LEVEL = "-O";
				VALIDATE_PRODUCT = YES;
			};
			name = Release;
		};
		18E403E42A683A8400225CB2 /* Debug */ = {
			isa = XCBuildConfiguration;
			buildSettings = {
				ASSETCATALOG_COMPILER_APPICON_NAME = AppIcon;
				ASSETCATALOG_COMPILER_GLOBAL_ACCENT_COLOR_NAME = AccentColor;
				CODE_SIGN_STYLE = Automatic;
				CURRENT_PROJECT_VERSION = 1;
				GENERATE_INFOPLIST_FILE = YES;
				INFOPLIST_FILE = "jul19-movieAPI/Info.plist";
				INFOPLIST_KEY_UIApplicationSupportsIndirectInputEvents = YES;
				INFOPLIST_KEY_UILaunchStoryboardName = LaunchScreen;
				INFOPLIST_KEY_UIMainStoryboardFile = Main;
				INFOPLIST_KEY_UISupportedInterfaceOrientations_iPad = "UIInterfaceOrientationPortrait UIInterfaceOrientationPortraitUpsideDown UIInterfaceOrientationLandscapeLeft UIInterfaceOrientationLandscapeRight";
				INFOPLIST_KEY_UISupportedInterfaceOrientations_iPhone = "UIInterfaceOrientationPortrait UIInterfaceOrientationLandscapeLeft UIInterfaceOrientationLandscapeRight";
				LD_RUNPATH_SEARCH_PATHS = (
					"$(inherited)",
					"@executable_path/Frameworks",
				);
				MARKETING_VERSION = 1.0;
				PRODUCT_BUNDLE_IDENTIFIER = "com.sukanya.jul19-movieAPI";
				PRODUCT_NAME = "$(TARGET_NAME)";
				SWIFT_EMIT_LOC_STRINGS = YES;
				SWIFT_VERSION = 5.0;
				TARGETED_DEVICE_FAMILY = "1,2";
			};
			name = Debug;
		};
		18E403E52A683A8400225CB2 /* Release */ = {
			isa = XCBuildConfiguration;
			buildSettings = {
				ASSETCATALOG_COMPILER_APPICON_NAME = AppIcon;
				ASSETCATALOG_COMPILER_GLOBAL_ACCENT_COLOR_NAME = AccentColor;
				CODE_SIGN_STYLE = Automatic;
				CURRENT_PROJECT_VERSION = 1;
				GENERATE_INFOPLIST_FILE = YES;
				INFOPLIST_FILE = "jul19-movieAPI/Info.plist";
				INFOPLIST_KEY_UIApplicationSupportsIndirectInputEvents = YES;
				INFOPLIST_KEY_UILaunchStoryboardName = LaunchScreen;
				INFOPLIST_KEY_UIMainStoryboardFile = Main;
				INFOPLIST_KEY_UISupportedInterfaceOrientations_iPad = "UIInterfaceOrientationPortrait UIInterfaceOrientationPortraitUpsideDown UIInterfaceOrientationLandscapeLeft UIInterfaceOrientationLandscapeRight";
				INFOPLIST_KEY_UISupportedInterfaceOrientations_iPhone = "UIInterfaceOrientationPortrait UIInterfaceOrientationLandscapeLeft UIInterfaceOrientationLandscapeRight";
				LD_RUNPATH_SEARCH_PATHS = (
					"$(inherited)",
					"@executable_path/Frameworks",
				);
				MARKETING_VERSION = 1.0;
				PRODUCT_BUNDLE_IDENTIFIER = "com.sukanya.jul19-movieAPI";
				PRODUCT_NAME = "$(TARGET_NAME)";
				SWIFT_EMIT_LOC_STRINGS = YES;
				SWIFT_VERSION = 5.0;
				TARGETED_DEVICE_FAMILY = "1,2";
			};
			name = Release;
		};
/* End XCBuildConfiguration section */

/* Begin XCConfigurationList section */
		18E403C72A683A7C00225CB2 /* Build configuration list for PBXProject "jul19-movieAPI" */ = {
			isa = XCConfigurationList;
			buildConfigurations = (
				18E403E12A683A8400225CB2 /* Debug */,
				18E403E22A683A8400225CB2 /* Release */,
			);
			defaultConfigurationIsVisible = 0;
			defaultConfigurationName = Release;
		};
		18E403E32A683A8400225CB2 /* Build configuration list for PBXNativeTarget "jul19-movieAPI" */ = {
			isa = XCConfigurationList;
			buildConfigurations = (
				18E403E42A683A8400225CB2 /* Debug */,
				18E403E52A683A8400225CB2 /* Release */,
			);
			defaultConfigurationIsVisible = 0;
			defaultConfigurationName = Release;
		};
/* End XCConfigurationList section */

/* Begin XCVersionGroup section */
		18E403D82A683A7C00225CB2 /* jul19_movieAPI.xcdatamodeld */ = {
			isa = XCVersionGroup;
			children = (
				18E403D92A683A7C00225CB2 /* jul19_movieAPI.xcdatamodel */,
			);
			currentVersion = 18E403D92A683A7C00225CB2 /* jul19_movieAPI.xcdatamodel */;
			path = jul19_movieAPI.xcdatamodeld;
			sourceTree = "<group>";
			versionGroupType = wrapper.xcdatamodel;
		};
/* End XCVersionGroup section */
	};
	rootObject = 18E403C42A683A7C00225CB2 /* Project object */;
}
